
Microsoft Visual Studio Solution File, Format Version 12.00
# Visual Studio Version 16
VisualStudioVersion = 16.0.31729.503
MinimumVisualStudioVersion = 10.0.40219.1
Project("{FAE04EC0-301F-11D3-BF4B-00C04F79EFBC}") = "ClientProxy-P4-20190140052", "ClientProxy-P4-20190140052\ClientProxy-P4-20190140052.csproj", "{051D7B04-E9A5-499E-9F51-F174121E8586}"
EndProject
Global
	GlobalSection(SolutionConfigurationPlatforms) = preSolution
		Debug|Any CPU = Debug|Any CPU
		Release|Any CPU = Release|Any CPU
	EndGlobalSection
	GlobalSection(ProjectConfigurationPlatforms) = postSolution
		{051D7B04-E9A5-499E-9F51-F174121E8586}.Debug|Any CPU.ActiveCfg = Debug|Any CPU
		{051D7B04-E9A5-499E-9F51-F174121E8586}.Debug|Any CPU.Build.0 = Debug|Any CPU
		{051D7B04-E9A5-499E-9F51-F174121E8586}.Release|Any CPU.ActiveCfg = Release|Any CPU
		{051D7B04-E9A5-499E-9F51-F174121E8586}.Release|Any CPU.Build.0 = Release|Any CPU
	EndGlobalSection
	GlobalSection(SolutionProperties) = preSolution
		HideSolutionNode = FALSE
	EndGlobalSection
	GlobalSection(ExtensibilityGlobals) = postSolution
		SolutionGuid = {B836089C-84C4-4471-BF14-70B9162D68C3}
	EndGlobalSection
EndGlobal
